
Microsoft Visual Studio Solution File, Format Version 12.00
# Visual Studio Version 16
VisualStudioVersion = 16.0.30907.101
MinimumVisualStudioVersion = 10.0.40219.1
Project("{FAE04EC0-301F-11D3-BF4B-00C04F79EFBC}") = "Basics", "Basics\Basics.csproj", "{1994888F-14E2-4B21-82B3-22CA38D5AB1A}"
EndProject
Global
	GlobalSection(SolutionConfigurationPlatforms) = preSolution
		Debug|Any CPU = Debug|Any CPU
		Release|Any CPU = Release|Any CPU
	EndGlobalSection
	GlobalSection(ProjectConfigurationPlatforms) = postSolution
		{1994888F-14E2-4B21-82B3-22CA38D5AB1A}.Debug|Any CPU.ActiveCfg = Debug|Any CPU
		{1994888F-14E2-4B21-82B3-22CA38D5AB1A}.Debug|Any CPU.Build.0 = Debug|Any CPU
		{1994888F-14E2-4B21-82B3-22CA38D5AB1A}.Release|Any CPU.ActiveCfg = Release|Any CPU
		{1994888F-14E2-4B21-82B3-22CA38D5AB1A}.Release|Any CPU.Build.0 = Release|Any CPU
	EndGlobalSection
	GlobalSection(SolutionProperties) = preSolution
		HideSolutionNode = FALSE
	EndGlobalSection
	GlobalSection(ExtensibilityGlobals) = postSolution
		SolutionGuid = {7D374109-38A7-4341-BC14-010D8E793201}
	EndGlobalSection
EndGlobal
